
Microsoft Visual Studio Solution File, Format Version 12.00
# Visual Studio 15
VisualStudioVersion = 15.0.26124.0
MinimumVisualStudioVersion = 15.0.26124.0
Project("{FAE04EC0-301F-11D3-BF4B-00C04F79EFBC}") = "BasketCore", "src\BasketCore\BasketCore.csproj", "{0AB8B57E-B3AC-405C-9586-FFAD7DFC1276}"
EndProject
Project("{FAE04EC0-301F-11D3-BF4B-00C04F79EFBC}") = "BasketCore.Tests", "tests\BasketCore.Tests\BasketCore.Tests.csproj", "{10A13752-0404-41E0-9444-65C7F9E4C930}"
EndProject
Global
	GlobalSection(SolutionConfigurationPlatforms) = preSolution
		Debug|Any CPU = Debug|Any CPU
		Debug|x64 = Debug|x64
		Debug|x86 = Debug|x86
		Release|Any CPU = Release|Any CPU
		Release|x64 = Release|x64
		Release|x86 = Release|x86
		Guillaume|Any CPU = Guillaume|Any CPU
	EndGlobalSection
	GlobalSection(SolutionProperties) = preSolution
		HideSolutionNode = FALSE
	EndGlobalSection
	GlobalSection(ProjectConfigurationPlatforms) = postSolution
		{0AB8B57E-B3AC-405C-9586-FFAD7DFC1276}.Debug|Any CPU.ActiveCfg = Debug|Any CPU
		{0AB8B57E-B3AC-405C-9586-FFAD7DFC1276}.Debug|Any CPU.Build.0 = Debug|Any CPU
		{0AB8B57E-B3AC-405C-9586-FFAD7DFC1276}.Debug|x64.ActiveCfg = Debug|Any CPU
		{0AB8B57E-B3AC-405C-9586-FFAD7DFC1276}.Debug|x64.Build.0 = Debug|Any CPU
		{0AB8B57E-B3AC-405C-9586-FFAD7DFC1276}.Debug|x86.ActiveCfg = Debug|Any CPU
		{0AB8B57E-B3AC-405C-9586-FFAD7DFC1276}.Debug|x86.Build.0 = Debug|Any CPU
		{0AB8B57E-B3AC-405C-9586-FFAD7DFC1276}.Release|Any CPU.ActiveCfg = Release|Any CPU
		{0AB8B57E-B3AC-405C-9586-FFAD7DFC1276}.Release|Any CPU.Build.0 = Release|Any CPU
		{0AB8B57E-B3AC-405C-9586-FFAD7DFC1276}.Release|x64.ActiveCfg = Release|Any CPU
		{0AB8B57E-B3AC-405C-9586-FFAD7DFC1276}.Release|x64.Build.0 = Release|Any CPU
		{0AB8B57E-B3AC-405C-9586-FFAD7DFC1276}.Release|x86.ActiveCfg = Release|Any CPU
		{0AB8B57E-B3AC-405C-9586-FFAD7DFC1276}.Release|x86.Build.0 = Release|Any CPU
		{0AB8B57E-B3AC-405C-9586-FFAD7DFC1276}.Guillaume|Any CPU.ActiveCfg = Guillaume|Any CPU
		{0AB8B57E-B3AC-405C-9586-FFAD7DFC1276}.Guillaume|Any CPU.Build.0 = Guillaume|Any CPU
		{10A13752-0404-41E0-9444-65C7F9E4C930}.Debug|Any CPU.ActiveCfg = Debug|Any CPU
		{10A13752-0404-41E0-9444-65C7F9E4C930}.Debug|Any CPU.Build.0 = Debug|Any CPU
		{10A13752-0404-41E0-9444-65C7F9E4C930}.Debug|x64.ActiveCfg = Debug|Any CPU
		{10A13752-0404-41E0-9444-65C7F9E4C930}.Debug|x64.Build.0 = Debug|Any CPU
		{10A13752-0404-41E0-9444-65C7F9E4C930}.Debug|x86.ActiveCfg = Debug|Any CPU
		{10A13752-0404-41E0-9444-65C7F9E4C930}.Debug|x86.Build.0 = Debug|Any CPU
		{10A13752-0404-41E0-9444-65C7F9E4C930}.Release|Any CPU.ActiveCfg = Release|Any CPU
		{10A13752-0404-41E0-9444-65C7F9E4C930}.Release|Any CPU.Build.0 = Release|Any CPU
		{10A13752-0404-41E0-9444-65C7F9E4C930}.Release|x64.ActiveCfg = Release|Any CPU
		{10A13752-0404-41E0-9444-65C7F9E4C930}.Release|x64.Build.0 = Release|Any CPU
		{10A13752-0404-41E0-9444-65C7F9E4C930}.Release|x86.ActiveCfg = Release|Any CPU
		{10A13752-0404-41E0-9444-65C7F9E4C930}.Release|x86.Build.0 = Release|Any CPU
		{10A13752-0404-41E0-9444-65C7F9E4C930}.Guillaume|Any CPU.ActiveCfg = Guillaume|Any CPU
		{10A13752-0404-41E0-9444-65C7F9E4C930}.Guillaume|Any CPU.Build.0 = Guillaume|Any CPU
	EndGlobalSection
EndGlobal
